// !$*UTF8*$!
{
	archiveVersion = 1;
	classes = {
	};
	objectVersion = 50;
	objects = {

/* Begin PBXBuildFile section */
		184388E5216259A300E96488 /* AppDelegate.swift in Sources */ = {isa = PBXBuildFile; fileRef = 184388E4216259A300E96488 /* AppDelegate.swift */; };
		184388E7216259A300E96488 /* TodoListViewController.swift in Sources */ = {isa = PBXBuildFile; fileRef = 184388E6216259A300E96488 /* TodoListViewController.swift */; };
		184388EA216259A300E96488 /* Main.storyboard in Resources */ = {isa = PBXBuildFile; fileRef = 184388E8216259A300E96488 /* Main.storyboard */; };
		184388EC216259A500E96488 /* Assets.xcassets in Resources */ = {isa = PBXBuildFile; fileRef = 184388EB216259A500E96488 /* Assets.xcassets */; };
		184388EF216259A500E96488 /* LaunchScreen.storyboard in Resources */ = {isa = PBXBuildFile; fileRef = 184388ED216259A500E96488 /* LaunchScreen.storyboard */; };
		184388F72162896600E96488 /* Item.swift in Sources */ = {isa = PBXBuildFile; fileRef = 184388F62162896600E96488 /* Item.swift */; };
/* End PBXBuildFile section */

/* Begin PBXFileReference section */
		184388E1216259A300E96488 /* ToDoey.app */ = {isa = PBXFileReference; explicitFileType = wrapper.application; includeInIndex = 0; path = ToDoey.app; sourceTree = BUILT_PRODUCTS_DIR; };
		184388E4216259A300E96488 /* AppDelegate.swift */ = {isa = PBXFileReference; lastKnownFileType = sourcecode.swift; path = AppDelegate.swift; sourceTree = "<group>"; };
		184388E6216259A300E96488 /* TodoListViewController.swift */ = {isa = PBXFileReference; lastKnownFileType = sourcecode.swift; path = TodoListViewController.swift; sourceTree = "<group>"; };
		184388E9216259A300E96488 /* Base */ = {isa = PBXFileReference; lastKnownFileType = file.storyboard; name = Base; path = Base.lproj/Main.storyboard; sourceTree = "<group>"; };
		184388EB216259A500E96488 /* Assets.xcassets */ = {isa = PBXFileReference; lastKnownFileType = folder.assetcatalog; path = Assets.xcassets; sourceTree = "<group>"; };
		184388EE216259A500E96488 /* Base */ = {isa = PBXFileReference; lastKnownFileType = file.storyboard; name = Base; path = Base.lproj/LaunchScreen.storyboard; sourceTree = "<group>"; };
		184388F0216259A500E96488 /* Info.plist */ = {isa = PBXFileReference; lastKnownFileType = text.plist.xml; path = Info.plist; sourceTree = "<group>"; };
		184388F62162896600E96488 /* Item.swift */ = {isa = PBXFileReference; lastKnownFileType = sourcecode.swift; path = Item.swift; sourceTree = "<group>"; };
/* End PBXFileReference section */

/* Begin PBXFrameworksBuildPhase section */
		184388DE216259A300E96488 /* Frameworks */ = {
			isa = PBXFrameworksBuildPhase;
			buildActionMask = 2147483647;
			files = (
			);
			runOnlyForDeploymentPostprocessing = 0;
		};
/* End PBXFrameworksBuildPhase section */

/* Begin PBXGroup section */
		184388D8216259A300E96488 = {
			isa = PBXGroup;
			children = (
				184388E3216259A300E96488 /* ToDoey */,
				184388E2216259A300E96488 /* Products */,
			);
			sourceTree = "<group>";
		};
		184388E2216259A300E96488 /* Products */ = {
			isa = PBXGroup;
			children = (
				184388E1216259A300E96488 /* ToDoey.app */,
			);
			name = Products;
			sourceTree = "<group>";
		};
		184388E3216259A300E96488 /* ToDoey */ = {
			isa = PBXGroup;
			children = (
				184388E4216259A300E96488 /* AppDelegate.swift */,
				184388F9216289BD00E96488 /* Controllers */,
				184388F82162898500E96488 /* Data Model */,
				184388FA216289D400E96488 /* Views */,
				184388FB216289EF00E96488 /* Supporting Files */,
				184388F0216259A500E96488 /* Info.plist */,
			);
			path = ToDoey;
			sourceTree = "<group>";
		};
		184388F82162898500E96488 /* Data Model */ = {
			isa = PBXGroup;
			children = (
				184388F62162896600E96488 /* Item.swift */,
			);
			path = "Data Model";
			sourceTree = "<group>";
		};
		184388F9216289BD00E96488 /* Controllers */ = {
			isa = PBXGroup;
			children = (
				184388E6216259A300E96488 /* TodoListViewController.swift */,
			);
			path = Controllers;
			sourceTree = "<group>";
		};
		184388FA216289D400E96488 /* Views */ = {
			isa = PBXGroup;
			children = (
				184388E8216259A300E96488 /* Main.storyboard */,
			);
			path = Views;
			sourceTree = "<group>";
		};
		184388FB216289EF00E96488 /* Supporting Files */ = {
			isa = PBXGroup;
			children = (
				184388ED216259A500E96488 /* LaunchScreen.storyboard */,
				184388EB216259A500E96488 /* Assets.xcassets */,
			);
			path = "Supporting Files";
			sourceTree = "<group>";
		};
/* End PBXGroup section */

/* Begin PBXNativeTarget section */
		184388E0216259A300E96488 /* ToDoey */ = {
			isa = PBXNativeTarget;
			buildConfigurationList = 184388F3216259A500E96488 /* Build configuration list for PBXNativeTarget "ToDoey" */;
			buildPhases = (
				184388DD216259A300E96488 /* Sources */,
				184388DE216259A300E96488 /* Frameworks */,
				184388DF216259A300E96488 /* Resources */,
			);
			buildRules = (
			);
			dependencies = (
			);
			name = ToDoey;
			productName = ToDoey;
			productReference = 184388E1216259A300E96488 /* ToDoey.app */;
			productType = "com.apple.product-type.application";
		};
/* End PBXNativeTarget section */

/* Begin PBXProject section */
		184388D9216259A300E96488 /* Project object */ = {
			isa = PBXProject;
			attributes = {
				LastSwiftUpdateCheck = 1000;
				LastUpgradeCheck = 1000;
				ORGANIZATIONNAME = "Kovacs Marcell Imre";
				TargetAttributes = {
					184388E0216259A300E96488 = {
						CreatedOnToolsVersion = 10.0;
					};
				};
			};
			buildConfigurationList = 184388DC216259A300E96488 /* Build configuration list for PBXProject "ToDoey" */;
			compatibilityVersion = "Xcode 9.3";
			developmentRegion = en;
			hasScannedForEncodings = 0;
			knownRegions = (
				en,
				Base,
			);
			mainGroup = 184388D8216259A300E96488;
			productRefGroup = 184388E2216259A300E96488 /* Products */;
			projectDirPath = "";
			projectRoot = "";
			targets = (
				184388E0216259A300E96488 /* ToDoey */,
			);
		};
/* End PBXProject section */

/* Begin PBXResourcesBuildPhase section */
		184388DF216259A300E96488 /* Resources */ = {
			isa = PBXResourcesBuildPhase;
			buildActionMask = 2147483647;
			files = (
				184388EF216259A500E96488 /* LaunchScreen.storyboard in Resources */,
				184388EC216259A500E96488 /* Assets.xcassets in Resources */,
				184388EA216259A300E96488 /* Main.storyboard in Resources */,
			);
			runOnlyForDeploymentPostprocessing = 0;
		};
/* End PBXResourcesBuildPhase section */

/* Begin PBXSourcesBuildPhase section */
		184388DD216259A300E96488 /* Sources */ = {
			isa = PBXSourcesBuildPhase;
			buildActionMask = 2147483647;
			files = (
				184388E7216259A300E96488 /* TodoListViewController.swift in Sources */,
				184388F72162896600E96488 /* Item.swift in Sources */,
				184388E5216259A300E96488 /* AppDelegate.swift in Sources */,
			);
			runOnlyForDeploymentPostprocessing = 0;
		};
/* End PBXSourcesBuildPhase section */

/* Begin PBXVariantGroup section */
		184388E8216259A300E96488 /* Main.storyboard */ = {
			isa = PBXVariantGroup;
			children = (
				184388E9216259A300E96488 /* Base */,
			);
			name = Main.storyboard;
			sourceTree = "<group>";
		};
		184388ED216259A500E96488 /* LaunchScreen.storyboard */ = {
			isa = PBXVariantGroup;
			children = (
				184388EE216259A500E96488 /* Base */,
			);
			name = LaunchScreen.storyboard;
			sourceTree = "<group>";
		};
/* End PBXVariantGroup section */

/* Begin XCBuildConfiguration section */
		184388F1216259A500E96488 /* Debug */ = {
			isa = XCBuildConfiguration;
			buildSettings = {
				ALWAYS_SEARCH_USER_PATHS = NO;
				CLANG_ANALYZER_NONNULL = YES;
				CLANG_ANALYZER_NUMBER_OBJECT_CONVERSION = YES_AGGRESSIVE;
				CLANG_CXX_LANGUAGE_STANDARD = "gnu++14";
				CLANG_CXX_LIBRARY = "libc++";
				CLANG_ENABLE_MODULES = YES;
				CLANG_ENABLE_OBJC_ARC = YES;
				CLANG_ENABLE_OBJC_WEAK = YES;
				CLANG_WARN_BLOCK_CAPTURE_AUTORELEASING = YES;
				CLANG_WARN_BOOL_CONVERSION = YES;
				CLANG_WARN_COMMA = YES;
				CLANG_WARN_CONSTANT_CONVERSION = YES;
				CLANG_WARN_DEPRECATED_OBJC_IMPLEMENTATIONS = YES;
				CLANG_WARN_DIRECT_OBJC_ISA_USAGE = YES_ERROR;
				CLANG_WARN_DOCUMENTATION_COMMENTS = YES;
				CLANG_WARN_EMPTY_BODY = YES;
				CLANG_WARN_ENUM_CONVERSION = YES;
				CLANG_WARN_INFINITE_RECURSION = YES;
				CLANG_WARN_INT_CONVERSION = YES;
				CLANG_WARN_NON_LITERAL_NULL_CONVERSION = YES;
				CLANG_WARN_OBJC_IMPLICIT_RETAIN_SELF = YES;
				CLANG_WARN_OBJC_LITERAL_CONVERSION = YES;
				CLANG_WARN_OBJC_ROOT_CLASS = YES_ERROR;
				CLANG_WARN_RANGE_LOOP_ANALYSIS = YES;
				CLANG_WARN_STRICT_PROTOTYPES = YES;
				CLANG_WARN_SUSPICIOUS_MOVE = YES;
				CLANG_WARN_UNGUARDED_AVAILABILITY = YES_AGGRESSIVE;
				CLANG_WARN_UNREACHABLE_CODE = YES;
				CLANG_WARN__DUPLICATE_METHOD_MATCH = YES;
				CODE_SIGN_IDENTITY = "iPhone Developer";
				COPY_PHASE_STRIP = NO;
				DEBUG_INFORMATION_FORMAT = dwarf;
				ENABLE_STRICT_OBJC_MSGSEND = YES;
				ENABLE_TESTABILITY = YES;
				GCC_C_LANGUAGE_STANDARD = gnu11;
				GCC_DYNAMIC_NO_PIC = NO;
				GCC_NO_COMMON_BLOCKS = YES;
				GCC_OPTIMIZATION_LEVEL = 0;
				GCC_PREPROCESSOR_DEFINITIONS = (
					"DEBUG=1",
					"$(inherited)",
				);
				GCC_WARN_64_TO_32_BIT_CONVERSION = YES;
				GCC_WARN_ABOUT_RETURN_TYPE = YES_ERROR;
				GCC_WARN_UNDECLARED_SELECTOR = YES;
				GCC_WARN_UNINITIALIZED_AUTOS = YES_AGGRESSIVE;
				GCC_WARN_UNUSED_FUNCTION = YES;
				GCC_WARN_UNUSED_VARIABLE = YES;
				IPHONEOS_DEPLOYMENT_TARGET = 12.0;
				MTL_ENABLE_DEBUG_INFO = INCLUDE_SOURCE;
				MTL_FAST_MATH = YES;
				ONLY_ACTIVE_ARCH = YES;
				SDKROOT = iphoneos;
				SWIFT_ACTIVE_COMPILATION_CONDITIONS = DEBUG;
				SWIFT_OPTIMIZATION_LEVEL = "-Onone";
			};
			name = Debug;
		};
		184388F2216259A500E96488 /* Release */ = {
			isa = XCBuildConfiguration;
			buildSettings = {
				ALWAYS_SEARCH_USER_PATHS = NO;
				CLANG_ANALYZER_NONNULL = YES;
				CLANG_ANALYZER_NUMBER_OBJECT_CONVERSION = YES_AGGRESSIVE;
				CLANG_CXX_LANGUAGE_STANDARD = "gnu++14";
				CLANG_CXX_LIBRARY = "libc++";
				CLANG_ENABLE_MODULES = YES;
				CLANG_ENABLE_OBJC_ARC = YES;
				CLANG_ENABLE_OBJC_WEAK = YES;
				CLANG_WARN_BLOCK_CAPTURE_AUTORELEASING = YES;
				CLANG_WARN_BOOL_CONVERSION = YES;
				CLANG_WARN_COMMA = YES;
				CLANG_WARN_CONSTANT_CONVERSION = YES;
				CLANG_WARN_DEPRECATED_OBJC_IMPLEMENTATIONS = YES;
				CLANG_WARN_DIRECT_OBJC_ISA_USAGE = YES_ERROR;
				CLANG_WARN_DOCUMENTATION_COMMENTS = YES;
				CLANG_WARN_EMPTY_BODY = YES;
				CLANG_WARN_ENUM_CONVERSION = YES;
				CLANG_WARN_INFINITE_RECURSION = YES;
				CLANG_WARN_INT_CONVERSION = YES;
				CLANG_WARN_NON_LITERAL_NULL_CONVERSION = YES;
				CLANG_WARN_OBJC_IMPLICIT_RETAIN_SELF = YES;
				CLANG_WARN_OBJC_LITERAL_CONVERSION = YES;
				CLANG_WARN_OBJC_ROOT_CLASS = YES_ERROR;
				CLANG_WARN_RANGE_LOOP_ANALYSIS = YES;
				CLANG_WARN_STRICT_PROTOTYPES = YES;
				CLANG_WARN_SUSPICIOUS_MOVE = YES;
				CLANG_WARN_UNGUARDED_AVAILABILITY = YES_AGGRESSIVE;
				CLANG_WARN_UNREACHABLE_CODE = YES;
				CLANG_WARN__DUPLICATE_METHOD_MATCH = YES;
				CODE_SIGN_IDENTITY = "iPhone Developer";
				COPY_PHASE_STRIP = NO;
				DEBUG_INFORMATION_FORMAT = "dwarf-with-dsym";
				ENABLE_NS_ASSERTIONS = NO;
				ENABLE_STRICT_OBJC_MSGSEND = YES;
				GCC_C_LANGUAGE_STANDARD = gnu11;
				GCC_NO_COMMON_BLOCKS = YES;
				GCC_WARN_64_TO_32_BIT_CONVERSION = YES;
				GCC_WARN_ABOUT_RETURN_TYPE = YES_ERROR;
				GCC_WARN_UNDECLARED_SELECTOR = YES;
				GCC_WARN_UNINITIALIZED_AUTOS = YES_AGGRESSIVE;
				GCC_WARN_UNUSED_FUNCTION = YES;
				GCC_WARN_UNUSED_VARIABLE = YES;
				IPHONEOS_DEPLOYMENT_TARGET = 12.0;
				MTL_ENABLE_DEBUG_INFO = NO;
				MTL_FAST_MATH = YES;
				SDKROOT = iphoneos;
				SWIFT_COMPILATION_MODE = wholemodule;
				SWIFT_OPTIMIZATION_LEVEL = "-O";
				VALIDATE_PRODUCT = YES;
			};
			name = Release;
		};
		184388F4216259A500E96488 /* Debug */ = {
			isa = XCBuildConfiguration;
			buildSettings = {
				ASSETCATALOG_COMPILER_APPICON_NAME = AppIcon;
				CODE_SIGN_STYLE = Automatic;
				DEVELOPMENT_TEAM = JUH85X7WPA;
				INFOPLIST_FILE = ToDoey/Info.plist;
				LD_RUNPATH_SEARCH_PATHS = (
					"$(inherited)",
					"@executable_path/Frameworks",
				);
				PRODUCT_BUNDLE_IDENTIFIER = hu.3eng.ToDoey;
				PRODUCT_NAME = "$(TARGET_NAME)";
				SWIFT_VERSION = 4.2;
				TARGETED_DEVICE_FAMILY = "1,2";
			};
			name = Debug;
		};
		184388F5216259A500E96488 /* Release */ = {
			isa = XCBuildConfiguration;
			buildSettings = {
				ASSETCATALOG_COMPILER_APPICON_NAME = AppIcon;
				CODE_SIGN_STYLE = Automatic;
				DEVELOPMENT_TEAM = JUH85X7WPA;
				INFOPLIST_FILE = ToDoey/Info.plist;
				LD_RUNPATH_SEARCH_PATHS = (
					"$(inherited)",
					"@executable_path/Frameworks",
				);
				PRODUCT_BUNDLE_IDENTIFIER = hu.3eng.ToDoey;
				PRODUCT_NAME = "$(TARGET_NAME)";
				SWIFT_VERSION = 4.2;
				TARGETED_DEVICE_FAMILY = "1,2";
			};
			name = Release;
		};
/* End XCBuildConfiguration section */

/* Begin XCConfigurationList section */
		184388DC216259A300E96488 /* Build configuration list for PBXProject "ToDoey" */ = {
			isa = XCConfigurationList;
			buildConfigurations = (
				184388F1216259A500E96488 /* Debug */,
				184388F2216259A500E96488 /* Release */,
			);
			defaultConfigurationIsVisible = 0;
			defaultConfigurationName = Release;
		};
		184388F3216259A500E96488 /* Build configuration list for PBXNativeTarget "ToDoey" */ = {
			isa = XCConfigurationList;
			buildConfigurations = (
				184388F4216259A500E96488 /* Debug */,
				184388F5216259A500E96488 /* Release */,
			);
			defaultConfigurationIsVisible = 0;
			defaultConfigurationName = Release;
		};
/* End XCConfigurationList section */
	};
	rootObject = 184388D9216259A300E96488 /* Project object */;
}
